
Microsoft Visual Studio Solution File, Format Version 12.00
# Visual Studio 2012
Project("{FAE04EC0-301F-11D3-BF4B-00C04F79EFBC}") = "JaggedArrays", "JaggedArrays\JaggedArrays.csproj", "{1159E67B-79B9-4711-8214-934E884C8909}"
EndProject
Global
	GlobalSection(SolutionConfigurationPlatforms) = preSolution
		Debug|Any CPU = Debug|Any CPU
		Release|Any CPU = Release|Any CPU
	EndGlobalSection
	GlobalSection(ProjectConfigurationPlatforms) = postSolution
		{1159E67B-79B9-4711-8214-934E884C8909}.Debug|Any CPU.ActiveCfg = Debug|Any CPU
		{1159E67B-79B9-4711-8214-934E884C8909}.Debug|Any CPU.Build.0 = Debug|Any CPU
		{1159E67B-79B9-4711-8214-934E884C8909}.Release|Any CPU.ActiveCfg = Release|Any CPU
		{1159E67B-79B9-4711-8214-934E884C8909}.Release|Any CPU.Build.0 = Release|Any CPU
	EndGlobalSection
	GlobalSection(SolutionProperties) = preSolution
		HideSolutionNode = FALSE
	EndGlobalSection
EndGlobal
